
Microsoft Visual Studio Solution File, Format Version 12.00
# Visual Studio 15
VisualStudioVersion = 15.0.27130.2024
MinimumVisualStudioVersion = 10.0.40219.1
Project("{FAE04EC0-301F-11D3-BF4B-00C04F79EFBC}") = "UnionFind", "UnionFind\UnionFind.csproj", "{7FEDF415-40D3-4DB7-8923-C3040578848B}"
EndProject
Global
	GlobalSection(SolutionConfigurationPlatforms) = preSolution
		Debug|Any CPU = Debug|Any CPU
		Release|Any CPU = Release|Any CPU
	EndGlobalSection
	GlobalSection(ProjectConfigurationPlatforms) = postSolution
		{7FEDF415-40D3-4DB7-8923-C3040578848B}.Debug|Any CPU.ActiveCfg = Debug|Any CPU
		{7FEDF415-40D3-4DB7-8923-C3040578848B}.Debug|Any CPU.Build.0 = Debug|Any CPU
		{7FEDF415-40D3-4DB7-8923-C3040578848B}.Release|Any CPU.ActiveCfg = Release|Any CPU
		{7FEDF415-40D3-4DB7-8923-C3040578848B}.Release|Any CPU.Build.0 = Release|Any CPU
	EndGlobalSection
	GlobalSection(SolutionProperties) = preSolution
		HideSolutionNode = FALSE
	EndGlobalSection
	GlobalSection(ExtensibilityGlobals) = postSolution
		SolutionGuid = {990378E0-EC63-49FC-A000-BC5CDB99E39B}
	EndGlobalSection
EndGlobal
